
Microsoft Visual Studio Solution File, Format Version 12.00
# Visual Studio Version 16
VisualStudioVersion = 16.0.31205.134
MinimumVisualStudioVersion = 10.0.40219.1
Project("{FAE04EC0-301F-11D3-BF4B-00C04F79EFBC}") = "QandA.API", "QandA.API\QandA.API.csproj", "{3803D8BE-D74F-4FEF-81F6-245702BB30FF}"
EndProject
Global
	GlobalSection(SolutionConfigurationPlatforms) = preSolution
		Debug|Any CPU = Debug|Any CPU
		Release|Any CPU = Release|Any CPU
	EndGlobalSection
	GlobalSection(ProjectConfigurationPlatforms) = postSolution
		{3803D8BE-D74F-4FEF-81F6-245702BB30FF}.Debug|Any CPU.ActiveCfg = Debug|Any CPU
		{3803D8BE-D74F-4FEF-81F6-245702BB30FF}.Debug|Any CPU.Build.0 = Debug|Any CPU
		{3803D8BE-D74F-4FEF-81F6-245702BB30FF}.Release|Any CPU.ActiveCfg = Release|Any CPU
		{3803D8BE-D74F-4FEF-81F6-245702BB30FF}.Release|Any CPU.Build.0 = Release|Any CPU
	EndGlobalSection
	GlobalSection(SolutionProperties) = preSolution
		HideSolutionNode = FALSE
	EndGlobalSection
	GlobalSection(ExtensibilityGlobals) = postSolution
		SolutionGuid = {1F4FDD21-545E-4696-A836-979607C03A92}
	EndGlobalSection
EndGlobal
